// !$*UTF8*$!
{
	archiveVersion = 1;
	classes = {
	};
	objectVersion = 50;
	objects = {

/* Begin PBXBuildFile section */
		F106D29325A6100B000AFA18 /* AppDelegate.swift in Sources */ = {isa = PBXBuildFile; fileRef = F106D29225A6100B000AFA18 /* AppDelegate.swift */; };
		F106D29525A6100B000AFA18 /* SceneDelegate.swift in Sources */ = {isa = PBXBuildFile; fileRef = F106D29425A6100B000AFA18 /* SceneDelegate.swift */; };
		F106D29725A6100B000AFA18 /* ViewController.swift in Sources */ = {isa = PBXBuildFile; fileRef = F106D29625A6100B000AFA18 /* ViewController.swift */; };
		F106D29A25A6100B000AFA18 /* Main.storyboard in Resources */ = {isa = PBXBuildFile; fileRef = F106D29825A6100B000AFA18 /* Main.storyboard */; };
		F106D29C25A6100B000AFA18 /* Assets.xcassets in Resources */ = {isa = PBXBuildFile; fileRef = F106D29B25A6100B000AFA18 /* Assets.xcassets */; };
		F106D29F25A6100B000AFA18 /* LaunchScreen.storyboard in Resources */ = {isa = PBXBuildFile; fileRef = F106D29D25A6100B000AFA18 /* LaunchScreen.storyboard */; };
		F1561EC425A7810D008D0137 /* LocationUpdateViewController.swift in Sources */ = {isa = PBXBuildFile; fileRef = F1561EC225A7810D008D0137 /* LocationUpdateViewController.swift */; };
		F1561EC525A7810D008D0137 /* LocationUpdateViewController.xib in Resources */ = {isa = PBXBuildFile; fileRef = F1561EC325A7810D008D0137 /* LocationUpdateViewController.xib */; };
		F196472225A8C8BA00FFC020 /* APIs.swift in Sources */ = {isa = PBXBuildFile; fileRef = F196472125A8C8BA00FFC020 /* APIs.swift */; };
/* End PBXBuildFile section */

/* Begin PBXFileReference section */
		F106D28F25A6100B000AFA18 /* GPS-Demo.app */ = {isa = PBXFileReference; explicitFileType = wrapper.application; includeInIndex = 0; path = "GPS-Demo.app"; sourceTree = BUILT_PRODUCTS_DIR; };
		F106D29225A6100B000AFA18 /* AppDelegate.swift */ = {isa = PBXFileReference; lastKnownFileType = sourcecode.swift; path = AppDelegate.swift; sourceTree = "<group>"; };
		F106D29425A6100B000AFA18 /* SceneDelegate.swift */ = {isa = PBXFileReference; lastKnownFileType = sourcecode.swift; path = SceneDelegate.swift; sourceTree = "<group>"; };
		F106D29625A6100B000AFA18 /* ViewController.swift */ = {isa = PBXFileReference; lastKnownFileType = sourcecode.swift; path = ViewController.swift; sourceTree = "<group>"; };
		F106D29925A6100B000AFA18 /* Base */ = {isa = PBXFileReference; lastKnownFileType = file.storyboard; name = Base; path = Base.lproj/Main.storyboard; sourceTree = "<group>"; };
		F106D29B25A6100B000AFA18 /* Assets.xcassets */ = {isa = PBXFileReference; lastKnownFileType = folder.assetcatalog; path = Assets.xcassets; sourceTree = "<group>"; };
		F106D29E25A6100B000AFA18 /* Base */ = {isa = PBXFileReference; lastKnownFileType = file.storyboard; name = Base; path = Base.lproj/LaunchScreen.storyboard; sourceTree = "<group>"; };
		F106D2A025A6100B000AFA18 /* Info.plist */ = {isa = PBXFileReference; lastKnownFileType = text.plist.xml; path = Info.plist; sourceTree = "<group>"; };
		F1561EC225A7810D008D0137 /* LocationUpdateViewController.swift */ = {isa = PBXFileReference; lastKnownFileType = sourcecode.swift; path = LocationUpdateViewController.swift; sourceTree = "<group>"; };
		F1561EC325A7810D008D0137 /* LocationUpdateViewController.xib */ = {isa = PBXFileReference; lastKnownFileType = file.xib; path = LocationUpdateViewController.xib; sourceTree = "<group>"; };
		F196472125A8C8BA00FFC020 /* APIs.swift */ = {isa = PBXFileReference; lastKnownFileType = sourcecode.swift; path = APIs.swift; sourceTree = "<group>"; };
/* End PBXFileReference section */

/* Begin PBXFrameworksBuildPhase section */
		F106D28C25A6100B000AFA18 /* Frameworks */ = {
			isa = PBXFrameworksBuildPhase;
			buildActionMask = 2147483647;
			files = (
			);
			runOnlyForDeploymentPostprocessing = 0;
		};
/* End PBXFrameworksBuildPhase section */

/* Begin PBXGroup section */
		F106D28625A6100B000AFA18 = {
			isa = PBXGroup;
			children = (
				F106D29125A6100B000AFA18 /* GPS-Demo */,
				F106D29025A6100B000AFA18 /* Products */,
			);
			sourceTree = "<group>";
		};
		F106D29025A6100B000AFA18 /* Products */ = {
			isa = PBXGroup;
			children = (
				F106D28F25A6100B000AFA18 /* GPS-Demo.app */,
			);
			name = Products;
			sourceTree = "<group>";
		};
		F106D29125A6100B000AFA18 /* GPS-Demo */ = {
			isa = PBXGroup;
			children = (
				F106D29225A6100B000AFA18 /* AppDelegate.swift */,
				F196472125A8C8BA00FFC020 /* APIs.swift */,
				F106D29425A6100B000AFA18 /* SceneDelegate.swift */,
				F106D29625A6100B000AFA18 /* ViewController.swift */,
				F1561EC225A7810D008D0137 /* LocationUpdateViewController.swift */,
				F1561EC325A7810D008D0137 /* LocationUpdateViewController.xib */,
				F106D29825A6100B000AFA18 /* Main.storyboard */,
				F106D29B25A6100B000AFA18 /* Assets.xcassets */,
				F106D29D25A6100B000AFA18 /* LaunchScreen.storyboard */,
				F106D2A025A6100B000AFA18 /* Info.plist */,
			);
			path = "GPS-Demo";
			sourceTree = "<group>";
		};
/* End PBXGroup section */

/* Begin PBXNativeTarget section */
		F106D28E25A6100B000AFA18 /* GPS-Demo */ = {
			isa = PBXNativeTarget;
			buildConfigurationList = F106D2A325A6100B000AFA18 /* Build configuration list for PBXNativeTarget "GPS-Demo" */;
			buildPhases = (
				F106D28B25A6100B000AFA18 /* Sources */,
				F106D28C25A6100B000AFA18 /* Frameworks */,
				F106D28D25A6100B000AFA18 /* Resources */,
			);
			buildRules = (
			);
			dependencies = (
			);
			name = "GPS-Demo";
			productName = "GPS-Demo";
			productReference = F106D28F25A6100B000AFA18 /* GPS-Demo.app */;
			productType = "com.apple.product-type.application";
		};
/* End PBXNativeTarget section */

/* Begin PBXProject section */
		F106D28725A6100B000AFA18 /* Project object */ = {
			isa = PBXProject;
			attributes = {
				LastSwiftUpdateCheck = 1210;
				LastUpgradeCheck = 1210;
				TargetAttributes = {
					F106D28E25A6100B000AFA18 = {
						CreatedOnToolsVersion = 12.1;
					};
				};
			};
			buildConfigurationList = F106D28A25A6100B000AFA18 /* Build configuration list for PBXProject "GPS-Demo" */;
			compatibilityVersion = "Xcode 9.3";
			developmentRegion = en;
			hasScannedForEncodings = 0;
			knownRegions = (
				en,
				Base,
			);
			mainGroup = F106D28625A6100B000AFA18;
			productRefGroup = F106D29025A6100B000AFA18 /* Products */;
			projectDirPath = "";
			projectRoot = "";
			targets = (
				F106D28E25A6100B000AFA18 /* GPS-Demo */,
			);
		};
/* End PBXProject section */

/* Begin PBXResourcesBuildPhase section */
		F106D28D25A6100B000AFA18 /* Resources */ = {
			isa = PBXResourcesBuildPhase;
			buildActionMask = 2147483647;
			files = (
				F1561EC525A7810D008D0137 /* LocationUpdateViewController.xib in Resources */,
				F106D29F25A6100B000AFA18 /* LaunchScreen.storyboard in Resources */,
				F106D29C25A6100B000AFA18 /* Assets.xcassets in Resources */,
				F106D29A25A6100B000AFA18 /* Main.storyboard in Resources */,
			);
			runOnlyForDeploymentPostprocessing = 0;
		};
/* End PBXResourcesBuildPhase section */

/* Begin PBXSourcesBuildPhase section */
		F106D28B25A6100B000AFA18 /* Sources */ = {
			isa = PBXSourcesBuildPhase;
			buildActionMask = 2147483647;
			files = (
				F1561EC425A7810D008D0137 /* LocationUpdateViewController.swift in Sources */,
				F106D29725A6100B000AFA18 /* ViewController.swift in Sources */,
				F106D29325A6100B000AFA18 /* AppDelegate.swift in Sources */,
				F196472225A8C8BA00FFC020 /* APIs.swift in Sources */,
				F106D29525A6100B000AFA18 /* SceneDelegate.swift in Sources */,
			);
			runOnlyForDeploymentPostprocessing = 0;
		};
/* End PBXSourcesBuildPhase section */

/* Begin PBXVariantGroup section */
		F106D29825A6100B000AFA18 /* Main.storyboard */ = {
			isa = PBXVariantGroup;
			children = (
				F106D29925A6100B000AFA18 /* Base */,
			);
			name = Main.storyboard;
			sourceTree = "<group>";
		};
		F106D29D25A6100B000AFA18 /* LaunchScreen.storyboard */ = {
			isa = PBXVariantGroup;
			children = (
				F106D29E25A6100B000AFA18 /* Base */,
			);
			name = LaunchScreen.storyboard;
			sourceTree = "<group>";
		};
/* End PBXVariantGroup section */

/* Begin XCBuildConfiguration section */
		F106D2A125A6100B000AFA18 /* Debug */ = {
			isa = XCBuildConfiguration;
			buildSettings = {
				ALWAYS_SEARCH_USER_PATHS = NO;
				CLANG_ANALYZER_NONNULL = YES;
				CLANG_ANALYZER_NUMBER_OBJECT_CONVERSION = YES_AGGRESSIVE;
				CLANG_CXX_LANGUAGE_STANDARD = "gnu++14";
				CLANG_CXX_LIBRARY = "libc++";
				CLANG_ENABLE_MODULES = YES;
				CLANG_ENABLE_OBJC_ARC = YES;
				CLANG_ENABLE_OBJC_WEAK = YES;
				CLANG_WARN_BLOCK_CAPTURE_AUTORELEASING = YES;
				CLANG_WARN_BOOL_CONVERSION = YES;
				CLANG_WARN_COMMA = YES;
				CLANG_WARN_CONSTANT_CONVERSION = YES;
				CLANG_WARN_DEPRECATED_OBJC_IMPLEMENTATIONS = YES;
				CLANG_WARN_DIRECT_OBJC_ISA_USAGE = YES_ERROR;
				CLANG_WARN_DOCUMENTATION_COMMENTS = YES;
				CLANG_WARN_EMPTY_BODY = YES;
				CLANG_WARN_ENUM_CONVERSION = YES;
				CLANG_WARN_INFINITE_RECURSION = YES;
				CLANG_WARN_INT_CONVERSION = YES;
				CLANG_WARN_NON_LITERAL_NULL_CONVERSION = YES;
				CLANG_WARN_OBJC_IMPLICIT_RETAIN_SELF = YES;
				CLANG_WARN_OBJC_LITERAL_CONVERSION = YES;
				CLANG_WARN_OBJC_ROOT_CLASS = YES_ERROR;
				CLANG_WARN_QUOTED_INCLUDE_IN_FRAMEWORK_HEADER = YES;
				CLANG_WARN_RANGE_LOOP_ANALYSIS = YES;
				CLANG_WARN_STRICT_PROTOTYPES = YES;
				CLANG_WARN_SUSPICIOUS_MOVE = YES;
				CLANG_WARN_UNGUARDED_AVAILABILITY = YES_AGGRESSIVE;
				CLANG_WARN_UNREACHABLE_CODE = YES;
				CLANG_WARN__DUPLICATE_METHOD_MATCH = YES;
				COPY_PHASE_STRIP = NO;
				DEBUG_INFORMATION_FORMAT = dwarf;
				ENABLE_STRICT_OBJC_MSGSEND = YES;
				ENABLE_TESTABILITY = YES;
				GCC_C_LANGUAGE_STANDARD = gnu11;
				GCC_DYNAMIC_NO_PIC = NO;
				GCC_NO_COMMON_BLOCKS = YES;
				GCC_OPTIMIZATION_LEVEL = 0;
				GCC_PREPROCESSOR_DEFINITIONS = (
					"DEBUG=1",
					"$(inherited)",
				);
				GCC_WARN_64_TO_32_BIT_CONVERSION = YES;
				GCC_WARN_ABOUT_RETURN_TYPE = YES_ERROR;
				GCC_WARN_UNDECLARED_SELECTOR = YES;
				GCC_WARN_UNINITIALIZED_AUTOS = YES_AGGRESSIVE;
				GCC_WARN_UNUSED_FUNCTION = YES;
				GCC_WARN_UNUSED_VARIABLE = YES;
				IPHONEOS_DEPLOYMENT_TARGET = 14.1;
				MTL_ENABLE_DEBUG_INFO = INCLUDE_SOURCE;
				MTL_FAST_MATH = YES;
				ONLY_ACTIVE_ARCH = YES;
				SDKROOT = iphoneos;
				SWIFT_ACTIVE_COMPILATION_CONDITIONS = DEBUG;
				SWIFT_OPTIMIZATION_LEVEL = "-Onone";
			};
			name = Debug;
		};
		F106D2A225A6100B000AFA18 /* Release */ = {
			isa = XCBuildConfiguration;
			buildSettings = {
				ALWAYS_SEARCH_USER_PATHS = NO;
				CLANG_ANALYZER_NONNULL = YES;
				CLANG_ANALYZER_NUMBER_OBJECT_CONVERSION = YES_AGGRESSIVE;
				CLANG_CXX_LANGUAGE_STANDARD = "gnu++14";
				CLANG_CXX_LIBRARY = "libc++";
				CLANG_ENABLE_MODULES = YES;
				CLANG_ENABLE_OBJC_ARC = YES;
				CLANG_ENABLE_OBJC_WEAK = YES;
				CLANG_WARN_BLOCK_CAPTURE_AUTORELEASING = YES;
				CLANG_WARN_BOOL_CONVERSION = YES;
				CLANG_WARN_COMMA = YES;
				CLANG_WARN_CONSTANT_CONVERSION = YES;
				CLANG_WARN_DEPRECATED_OBJC_IMPLEMENTATIONS = YES;
				CLANG_WARN_DIRECT_OBJC_ISA_USAGE = YES_ERROR;
				CLANG_WARN_DOCUMENTATION_COMMENTS = YES;
				CLANG_WARN_EMPTY_BODY = YES;
				CLANG_WARN_ENUM_CONVERSION = YES;
				CLANG_WARN_INFINITE_RECURSION = YES;
				CLANG_WARN_INT_CONVERSION = YES;
				CLANG_WARN_NON_LITERAL_NULL_CONVERSION = YES;
				CLANG_WARN_OBJC_IMPLICIT_RETAIN_SELF = YES;
				CLANG_WARN_OBJC_LITERAL_CONVERSION = YES;
				CLANG_WARN_OBJC_ROOT_CLASS = YES_ERROR;
				CLANG_WARN_QUOTED_INCLUDE_IN_FRAMEWORK_HEADER = YES;
				CLANG_WARN_RANGE_LOOP_ANALYSIS = YES;
				CLANG_WARN_STRICT_PROTOTYPES = YES;
				CLANG_WARN_SUSPICIOUS_MOVE = YES;
				CLANG_WARN_UNGUARDED_AVAILABILITY = YES_AGGRESSIVE;
				CLANG_WARN_UNREACHABLE_CODE = YES;
				CLANG_WARN__DUPLICATE_METHOD_MATCH = YES;
				COPY_PHASE_STRIP = NO;
				DEBUG_INFORMATION_FORMAT = "dwarf-with-dsym";
				ENABLE_NS_ASSERTIONS = NO;
				ENABLE_STRICT_OBJC_MSGSEND = YES;
				GCC_C_LANGUAGE_STANDARD = gnu11;
				GCC_NO_COMMON_BLOCKS = YES;
				GCC_WARN_64_TO_32_BIT_CONVERSION = YES;
				GCC_WARN_ABOUT_RETURN_TYPE = YES_ERROR;
				GCC_WARN_UNDECLARED_SELECTOR = YES;
				GCC_WARN_UNINITIALIZED_AUTOS = YES_AGGRESSIVE;
				GCC_WARN_UNUSED_FUNCTION = YES;
				GCC_WARN_UNUSED_VARIABLE = YES;
				IPHONEOS_DEPLOYMENT_TARGET = 14.1;
				MTL_ENABLE_DEBUG_INFO = NO;
				MTL_FAST_MATH = YES;
				SDKROOT = iphoneos;
				SWIFT_COMPILATION_MODE = wholemodule;
				SWIFT_OPTIMIZATION_LEVEL = "-O";
				VALIDATE_PRODUCT = YES;
			};
			name = Release;
		};
		F106D2A425A6100B000AFA18 /* Debug */ = {
			isa = XCBuildConfiguration;
			buildSettings = {
				ASSETCATALOG_COMPILER_APPICON_NAME = AppIcon;
				ASSETCATALOG_COMPILER_GLOBAL_ACCENT_COLOR_NAME = AccentColor;
				CODE_SIGN_STYLE = Automatic;
				DEVELOPMENT_TEAM = B86CVFA2J5;
				INFOPLIST_FILE = "GPS-Demo/Info.plist";
				LD_RUNPATH_SEARCH_PATHS = (
					"$(inherited)",
					"@executable_path/Frameworks",
				);
				PRODUCT_BUNDLE_IDENTIFIER = "com.demoapp.GPS-Demo";
				PRODUCT_NAME = "$(TARGET_NAME)";
				SWIFT_VERSION = 5.0;
				TARGETED_DEVICE_FAMILY = "1,2";
			};
			name = Debug;
		};
		F106D2A525A6100B000AFA18 /* Release */ = {
			isa = XCBuildConfiguration;
			buildSettings = {
				ASSETCATALOG_COMPILER_APPICON_NAME = AppIcon;
				ASSETCATALOG_COMPILER_GLOBAL_ACCENT_COLOR_NAME = AccentColor;
				CODE_SIGN_STYLE = Automatic;
				DEVELOPMENT_TEAM = B86CVFA2J5;
				INFOPLIST_FILE = "GPS-Demo/Info.plist";
				LD_RUNPATH_SEARCH_PATHS = (
					"$(inherited)",
					"@executable_path/Frameworks",
				);
				PRODUCT_BUNDLE_IDENTIFIER = "com.demoapp.GPS-Demo";
				PRODUCT_NAME = "$(TARGET_NAME)";
				SWIFT_VERSION = 5.0;
				TARGETED_DEVICE_FAMILY = "1,2";
			};
			name = Release;
		};
/* End XCBuildConfiguration section */

/* Begin XCConfigurationList section */
		F106D28A25A6100B000AFA18 /* Build configuration list for PBXProject "GPS-Demo" */ = {
			isa = XCConfigurationList;
			buildConfigurations = (
				F106D2A125A6100B000AFA18 /* Debug */,
				F106D2A225A6100B000AFA18 /* Release */,
			);
			defaultConfigurationIsVisible = 0;
			defaultConfigurationName = Release;
		};
		F106D2A325A6100B000AFA18 /* Build configuration list for PBXNativeTarget "GPS-Demo" */ = {
			isa = XCConfigurationList;
			buildConfigurations = (
				F106D2A425A6100B000AFA18 /* Debug */,
				F106D2A525A6100B000AFA18 /* Release */,
			);
			defaultConfigurationIsVisible = 0;
			defaultConfigurationName = Release;
		};
/* End XCConfigurationList section */
	};
	rootObject = F106D28725A6100B000AFA18 /* Project object */;
}
